PODS:
  - MaterialComponents/AnimationTiming (60.1.0)
  - MaterialComponents/Palettes (60.1.0)
  - MaterialComponents/private/Application (60.1.0)
  - MaterialComponents/private/Math (60.1.0)
  - MaterialComponents/TextFields (60.1.0):
    - MaterialComponents/AnimationTiming
    - MaterialComponents/Palettes
    - MaterialComponents/private/Math
    - MaterialComponents/Typography
    - MDFInternationalization
  - MaterialComponents/Typography (60.1.0):
    - MaterialComponents/private/Application
    - MaterialComponents/private/Math
  - MDFInternationalization (1.1.0)

DEPENDENCIES:
  - MaterialComponents/TextFields

SPEC REPOS:
  https://github.com/cocoapods/specs.git:
    - MaterialComponents
    - MDFInternationalization

SPEC CHECKSUMS:
  MaterialComponents: bd1ebf279041919605fe6133a4173db4148ec1cd
  MDFInternationalization: b5b8626628abf026e630e5ebaeee563037712cbb

PODFILE CHECKSUM: b40b07b0d15f9179f038cee6dfb549dc083617df

COCOAPODS: 1.5.2
